// !$*UTF8*$!
{
	archiveVersion = 1;
	classes = {
	};
	objectVersion = 55;
	objects = {

/* Begin PBXBuildFile section */
		9C94A7B24236D3F422D9583A /* Pods_Pokemon.framework in Frameworks */ = {isa = PBXBuildFile; fileRef = 34EDDFA83C0DD82233F850B0 /* Pods_Pokemon.framework */; };
		A23A2334293586F5004E3214 /* TypeCollectionHeaderView.swift in Sources */ = {isa = PBXBuildFile; fileRef = A23A2333293586F5004E3214 /* TypeCollectionHeaderView.swift */; };
		A23A23362937F2AC004E3214 /* TypeChartCalculationCollectionViewCell.swift in Sources */ = {isa = PBXBuildFile; fileRef = A23A23352937F2AB004E3214 /* TypeChartCalculationCollectionViewCell.swift */; };
		A23A233A293A8055004E3214 /* TypeLabelCollectionViewCell.swift in Sources */ = {isa = PBXBuildFile; fileRef = A23A2339293A8055004E3214 /* TypeLabelCollectionViewCell.swift */; };
		A2610FB4297712C400A5DA57 /* TeamsListTableViewController.swift in Sources */ = {isa = PBXBuildFile; fileRef = A2610FB3297712C400A5DA57 /* TeamsListTableViewController.swift */; };
		A2610FB629778A5900A5DA57 /* TeamsListTableViewCell.swift in Sources */ = {isa = PBXBuildFile; fileRef = A2610FB529778A5900A5DA57 /* TeamsListTableViewCell.swift */; };
		A2610FB929778E8400A5DA57 /* TeamsList.xcdatamodeld in Sources */ = {isa = PBXBuildFile; fileRef = A2610FB729778E8400A5DA57 /* TeamsList.xcdatamodeld */; };
		A29EB91A2953A90500EE6819 /* TeamsViewController.swift in Sources */ = {isa = PBXBuildFile; fileRef = A29EB9192953A90500EE6819 /* TeamsViewController.swift */; };
		A29EB91C2953CC7600EE6819 /* PokemonType.swift in Sources */ = {isa = PBXBuildFile; fileRef = A29EB91B2953CC7600EE6819 /* PokemonType.swift */; };
		A29EB91E2953CD9D00EE6819 /* PokemonTypeController.swift in Sources */ = {isa = PBXBuildFile; fileRef = A29EB91D2953CD9D00EE6819 /* PokemonTypeController.swift */; };
		A29EB9202953D0BC00EE6819 /* PracticeViewController.swift in Sources */ = {isa = PBXBuildFile; fileRef = A29EB91F2953D0BC00EE6819 /* PracticeViewController.swift */; };
		A29EB922295CE84400EE6819 /* PokemonTeamManagerTests.swift in Sources */ = {isa = PBXBuildFile; fileRef = A29EB921295CE84400EE6819 /* PokemonTeamManagerTests.swift */; };
		A2ADFAB82916B9CF00CF2776 /* AppDelegate.swift in Sources */ = {isa = PBXBuildFile; fileRef = A2ADFAB72916B9CF00CF2776 /* AppDelegate.swift */; };
		A2ADFABA2916B9CF00CF2776 /* SceneDelegate.swift in Sources */ = {isa = PBXBuildFile; fileRef = A2ADFAB92916B9CF00CF2776 /* SceneDelegate.swift */; };
		A2ADFABC2916B9CF00CF2776 /* PokemonViewController.swift in Sources */ = {isa = PBXBuildFile; fileRef = A2ADFABB2916B9CF00CF2776 /* PokemonViewController.swift */; };
		A2ADFAC12916B9D000CF2776 /* Assets.xcassets in Resources */ = {isa = PBXBuildFile; fileRef = A2ADFAC02916B9D000CF2776 /* Assets.xcassets */; };
		A2ADFAC42916B9D000CF2776 /* LaunchScreen.storyboard in Resources */ = {isa = PBXBuildFile; fileRef = A2ADFAC22916B9D000CF2776 /* LaunchScreen.storyboard */; };
		A2ADFACF2916B9D000CF2776 /* PokemonTests.swift in Sources */ = {isa = PBXBuildFile; fileRef = A2ADFACE2916B9D000CF2776 /* PokemonTests.swift */; };
		A2ADFAD92916B9D000CF2776 /* PokemonUITests.swift in Sources */ = {isa = PBXBuildFile; fileRef = A2ADFAD82916B9D000CF2776 /* PokemonUITests.swift */; };
		A2ADFADB2916B9D000CF2776 /* PokemonUITestsLaunchTests.swift in Sources */ = {isa = PBXBuildFile; fileRef = A2ADFADA2916B9D000CF2776 /* PokemonUITestsLaunchTests.swift */; };
		A2ADFAEA2916C09A00CF2776 /* Pokemon.swift in Sources */ = {isa = PBXBuildFile; fileRef = A2ADFAE92916C09A00CF2776 /* Pokemon.swift */; };
		A2ADFAEC2916C1C100CF2776 /* PokemonController.swift in Sources */ = {isa = PBXBuildFile; fileRef = A2ADFAEB2916C1C100CF2776 /* PokemonController.swift */; };
		A2ADFAEF2916C30700CF2776 /* PokemonError.swift in Sources */ = {isa = PBXBuildFile; fileRef = A2ADFAEE2916C30700CF2776 /* PokemonError.swift */; };
		A2ADFAF12916CB8000CF2776 /* UIVCExtension.swift in Sources */ = {isa = PBXBuildFile; fileRef = A2ADFAF02916CB8000CF2776 /* UIVCExtension.swift */; };
		A2ADFAF52916D65B00CF2776 /* Coordinator.swift in Sources */ = {isa = PBXBuildFile; fileRef = A2ADFAF42916D65B00CF2776 /* Coordinator.swift */; };
		A2ADFAF72916D68D00CF2776 /* MainCoordinator.swift in Sources */ = {isa = PBXBuildFile; fileRef = A2ADFAF62916D68D00CF2776 /* MainCoordinator.swift */; };
		A2ADFAF92916DA7500CF2776 /* TeamBuilderViewController.swift in Sources */ = {isa = PBXBuildFile; fileRef = A2ADFAF82916DA7500CF2776 /* TeamBuilderViewController.swift */; };
		A2ADFAFD2916DD1E00CF2776 /* TeamPokemon.swift in Sources */ = {isa = PBXBuildFile; fileRef = A2ADFAFC2916DD1E00CF2776 /* TeamPokemon.swift */; };
		A2ADFAFF291DC8F100CF2776 /* Team.swift in Sources */ = {isa = PBXBuildFile; fileRef = A2ADFAFE291DC8F100CF2776 /* Team.swift */; };
		A2C633D22952849300BF5907 /* UpperTeamCollectionViewCell.swift in Sources */ = {isa = PBXBuildFile; fileRef = A2C633D12952849300BF5907 /* UpperTeamCollectionViewCell.swift */; };
		A2C633D629529BF400BF5907 /* TeamTableViewCell.swift in Sources */ = {isa = PBXBuildFile; fileRef = A2C633D529529BF400BF5907 /* TeamTableViewCell.swift */; };
		A2C633DC2952A59B00BF5907 /* TeamPokemonController.swift in Sources */ = {isa = PBXBuildFile; fileRef = A2C633DB2952A59A00BF5907 /* TeamPokemonController.swift */; };
		A2C633E029538E1500BF5907 /* HomeScreenViewController.swift in Sources */ = {isa = PBXBuildFile; fileRef = A2C633DF29538E1500BF5907 /* HomeScreenViewController.swift */; };
		A2C633E32953963300BF5907 /* HomeScreenStackView.swift in Sources */ = {isa = PBXBuildFile; fileRef = A2C633E22953963300BF5907 /* HomeScreenStackView.swift */; };
		A2C6A3E2292DB9990098A9BC /* TeamBuilderCollectionViewExtension.swift in Sources */ = {isa = PBXBuildFile; fileRef = A2C6A3E1292DB9990098A9BC /* TeamBuilderCollectionViewExtension.swift */; };
		A2C6A3E4292EA41A0098A9BC /* TeamCollectionViewCell.swift in Sources */ = {isa = PBXBuildFile; fileRef = A2C6A3E3292EA41A0098A9BC /* TeamCollectionViewCell.swift */; };
		A2C6A3E629327AA10098A9BC /* TeamManagerViewController.swift in Sources */ = {isa = PBXBuildFile; fileRef = A2C6A3E529327AA10098A9BC /* TeamManagerViewController.swift */; };
		A2D36C8A2980C3F100995092 /* Persistence.swift in Sources */ = {isa = PBXBuildFile; fileRef = A2D36C892980C3F100995092 /* Persistence.swift */; };
		A2D36C8C2982385500995092 /* TeamsController.swift in Sources */ = {isa = PBXBuildFile; fileRef = A2D36C8B2982385500995092 /* TeamsController.swift */; };
		A2EB75C5299EC35100CA9394 /* PopUpView.swift in Sources */ = {isa = PBXBuildFile; fileRef = A2EB75C4299EC35100CA9394 /* PopUpView.swift */; };
		A2F674F829A7204300C3E4D8 /* RecommendationsTest.swift in Sources */ = {isa = PBXBuildFile; fileRef = A2F674F729A7204300C3E4D8 /* RecommendationsTest.swift */; };
		A2F674FA29A7220900C3E4D8 /* RecommendationsViewController.swift in Sources */ = {isa = PBXBuildFile; fileRef = A2F674F929A7220900C3E4D8 /* RecommendationsViewController.swift */; };
		A2F674FC29A726CD00C3E4D8 /* RecommendationsTableViewCell.swift in Sources */ = {isa = PBXBuildFile; fileRef = A2F674FB29A726CD00C3E4D8 /* RecommendationsTableViewCell.swift */; };
		A2F674FE29A7D8BA00C3E4D8 /* URLSessionNetworking.swift in Sources */ = {isa = PBXBuildFile; fileRef = A2F674FD29A7D8BA00C3E4D8 /* URLSessionNetworking.swift */; };
		A2F6750029A931EF00C3E4D8 /* MockURLSessionNetworking.swift in Sources */ = {isa = PBXBuildFile; fileRef = A2F674FF29A931EF00C3E4D8 /* MockURLSessionNetworking.swift */; };
		A2F6750229A9337500C3E4D8 /* PokemonResponse.json in Resources */ = {isa = PBXBuildFile; fileRef = A2F6750129A9337500C3E4D8 /* PokemonResponse.json */; };
/* End PBXBuildFile section */

/* Begin PBXContainerItemProxy section */
		A2ADFACB2916B9D000CF2776 /* PBXContainerItemProxy */ = {
			isa = PBXContainerItemProxy;
			containerPortal = A2ADFAAC2916B9CF00CF2776 /* Project object */;
			proxyType = 1;
			remoteGlobalIDString = A2ADFAB32916B9CF00CF2776;
			remoteInfo = Pokemon;
		};
		A2ADFAD52916B9D000CF2776 /* PBXContainerItemProxy */ = {
			isa = PBXContainerItemProxy;
			containerPortal = A2ADFAAC2916B9CF00CF2776 /* Project object */;
			proxyType = 1;
			remoteGlobalIDString = A2ADFAB32916B9CF00CF2776;
			remoteInfo = Pokemon;
		};
/* End PBXContainerItemProxy section */

/* Begin PBXFileReference section */
		34EDDFA83C0DD82233F850B0 /* Pods_Pokemon.framework */ = {isa = PBXFileReference; explicitFileType = wrapper.framework; includeInIndex = 0; path = Pods_Pokemon.framework; sourceTree = BUILT_PRODUCTS_DIR; };
		6589FB660A93D776F555A39C /* Pods-Pokemon.debug.xcconfig */ = {isa = PBXFileReference; includeInIndex = 1; lastKnownFileType = text.xcconfig; name = "Pods-Pokemon.debug.xcconfig"; path = "Target Support Files/Pods-Pokemon/Pods-Pokemon.debug.xcconfig"; sourceTree = "<group>"; };
		79306BA9480BCE1B5D114AE1 /* Pods-Pokemon.release.xcconfig */ = {isa = PBXFileReference; includeInIndex = 1; lastKnownFileType = text.xcconfig; name = "Pods-Pokemon.release.xcconfig"; path = "Target Support Files/Pods-Pokemon/Pods-Pokemon.release.xcconfig"; sourceTree = "<group>"; };
		A23A2333293586F5004E3214 /* TypeCollectionHeaderView.swift */ = {isa = PBXFileReference; lastKnownFileType = sourcecode.swift; path = TypeCollectionHeaderView.swift; sourceTree = "<group>"; };
		A23A23352937F2AB004E3214 /* TypeChartCalculationCollectionViewCell.swift */ = {isa = PBXFileReference; lastKnownFileType = sourcecode.swift; path = TypeChartCalculationCollectionViewCell.swift; sourceTree = "<group>"; };
		A23A2339293A8055004E3214 /* TypeLabelCollectionViewCell.swift */ = {isa = PBXFileReference; lastKnownFileType = sourcecode.swift; path = TypeLabelCollectionViewCell.swift; sourceTree = "<group>"; };
		A2610FB3297712C400A5DA57 /* TeamsListTableViewController.swift */ = {isa = PBXFileReference; lastKnownFileType = sourcecode.swift; path = TeamsListTableViewController.swift; sourceTree = "<group>"; };
		A2610FB529778A5900A5DA57 /* TeamsListTableViewCell.swift */ = {isa = PBXFileReference; lastKnownFileType = sourcecode.swift; path = TeamsListTableViewCell.swift; sourceTree = "<group>"; };
		A2610FB829778E8400A5DA57 /* TeamsList.xcdatamodel */ = {isa = PBXFileReference; lastKnownFileType = wrapper.xcdatamodel; path = TeamsList.xcdatamodel; sourceTree = "<group>"; };
		A29EB9192953A90500EE6819 /* TeamsViewController.swift */ = {isa = PBXFileReference; lastKnownFileType = sourcecode.swift; path = TeamsViewController.swift; sourceTree = "<group>"; };
		A29EB91B2953CC7600EE6819 /* PokemonType.swift */ = {isa = PBXFileReference; lastKnownFileType = sourcecode.swift; path = PokemonType.swift; sourceTree = "<group>"; };
		A29EB91D2953CD9D00EE6819 /* PokemonTypeController.swift */ = {isa = PBXFileReference; lastKnownFileType = sourcecode.swift; path = PokemonTypeController.swift; sourceTree = "<group>"; };
		A29EB91F2953D0BC00EE6819 /* PracticeViewController.swift */ = {isa = PBXFileReference; lastKnownFileType = sourcecode.swift; path = PracticeViewController.swift; sourceTree = "<group>"; };
		A29EB921295CE84400EE6819 /* PokemonTeamManagerTests.swift */ = {isa = PBXFileReference; lastKnownFileType = sourcecode.swift; path = PokemonTeamManagerTests.swift; sourceTree = "<group>"; };
		A2ADFAB42916B9CF00CF2776 /* TeamBuilder.app */ = {isa = PBXFileReference; explicitFileType = wrapper.application; includeInIndex = 0; path = TeamBuilder.app; sourceTree = BUILT_PRODUCTS_DIR; };
		A2ADFAB72916B9CF00CF2776 /* AppDelegate.swift */ = {isa = PBXFileReference; lastKnownFileType = sourcecode.swift; path = AppDelegate.swift; sourceTree = "<group>"; };
		A2ADFAB92916B9CF00CF2776 /* SceneDelegate.swift */ = {isa = PBXFileReference; lastKnownFileType = sourcecode.swift; path = SceneDelegate.swift; sourceTree = "<group>"; };
		A2ADFABB2916B9CF00CF2776 /* PokemonViewController.swift */ = {isa = PBXFileReference; lastKnownFileType = sourcecode.swift; path = PokemonViewController.swift; sourceTree = "<group>"; };
		A2ADFAC02916B9D000CF2776 /* Assets.xcassets */ = {isa = PBXFileReference; lastKnownFileType = folder.assetcatalog; path = Assets.xcassets; sourceTree = "<group>"; };
		A2ADFAC32916B9D000CF2776 /* Base */ = {isa = PBXFileReference; lastKnownFileType = file.storyboard; name = Base; path = Base.lproj/LaunchScreen.storyboard; sourceTree = "<group>"; };
		A2ADFAC52916B9D000CF2776 /* Info.plist */ = {isa = PBXFileReference; lastKnownFileType = text.plist.xml; path = Info.plist; sourceTree = "<group>"; };
		A2ADFACA2916B9D000CF2776 /* TeamBuilderTests.xctest */ = {isa = PBXFileReference; explicitFileType = wrapper.cfbundle; includeInIndex = 0; path = TeamBuilderTests.xctest; sourceTree = BUILT_PRODUCTS_DIR; };
		A2ADFACE2916B9D000CF2776 /* PokemonTests.swift */ = {isa = PBXFileReference; lastKnownFileType = sourcecode.swift; path = PokemonTests.swift; sourceTree = "<group>"; };
		A2ADFAD42916B9D000CF2776 /* TeamBuilderUITests.xctest */ = {isa = PBXFileReference; explicitFileType = wrapper.cfbundle; includeInIndex = 0; path = TeamBuilderUITests.xctest; sourceTree = BUILT_PRODUCTS_DIR; };
		A2ADFAD82916B9D000CF2776 /* PokemonUITests.swift */ = {isa = PBXFileReference; lastKnownFileType = sourcecode.swift; path = PokemonUITests.swift; sourceTree = "<group>"; };
		A2ADFADA2916B9D000CF2776 /* PokemonUITestsLaunchTests.swift */ = {isa = PBXFileReference; lastKnownFileType = sourcecode.swift; path = PokemonUITestsLaunchTests.swift; sourceTree = "<group>"; };
		A2ADFAE92916C09A00CF2776 /* Pokemon.swift */ = {isa = PBXFileReference; lastKnownFileType = sourcecode.swift; path = Pokemon.swift; sourceTree = "<group>"; };
		A2ADFAEB2916C1C100CF2776 /* PokemonController.swift */ = {isa = PBXFileReference; lastKnownFileType = sourcecode.swift; path = PokemonController.swift; sourceTree = "<group>"; };
		A2ADFAEE2916C30700CF2776 /* PokemonError.swift */ = {isa = PBXFileReference; lastKnownFileType = sourcecode.swift; path = PokemonError.swift; sourceTree = "<group>"; };
		A2ADFAF02916CB8000CF2776 /* UIVCExtension.swift */ = {isa = PBXFileReference; lastKnownFileType = sourcecode.swift; path = UIVCExtension.swift; sourceTree = "<group>"; };
		A2ADFAF42916D65B00CF2776 /* Coordinator.swift */ = {isa = PBXFileReference; lastKnownFileType = sourcecode.swift; path = Coordinator.swift; sourceTree = "<group>"; };
		A2ADFAF62916D68D00CF2776 /* MainCoordinator.swift */ = {isa = PBXFileReference; lastKnownFileType = sourcecode.swift; path = MainCoordinator.swift; sourceTree = "<group>"; };
		A2ADFAF82916DA7500CF2776 /* TeamBuilderViewController.swift */ = {isa = PBXFileReference; lastKnownFileType = sourcecode.swift; path = TeamBuilderViewController.swift; sourceTree = "<group>"; };
		A2ADFAFC2916DD1E00CF2776 /* TeamPokemon.swift */ = {isa = PBXFileReference; lastKnownFileType = sourcecode.swift; path = TeamPokemon.swift; sourceTree = "<group>"; };
		A2ADFAFE291DC8F100CF2776 /* Team.swift */ = {isa = PBXFileReference; lastKnownFileType = sourcecode.swift; path = Team.swift; sourceTree = "<group>"; };
		A2C633D12952849300BF5907 /* UpperTeamCollectionViewCell.swift */ = {isa = PBXFileReference; lastKnownFileType = sourcecode.swift; path = UpperTeamCollectionViewCell.swift; sourceTree = "<group>"; };
		A2C633D529529BF400BF5907 /* TeamTableViewCell.swift */ = {isa = PBXFileReference; lastKnownFileType = sourcecode.swift; path = TeamTableViewCell.swift; sourceTree = "<group>"; };
		A2C633DB2952A59A00BF5907 /* TeamPokemonController.swift */ = {isa = PBXFileReference; lastKnownFileType = sourcecode.swift; path = TeamPokemonController.swift; sourceTree = "<group>"; };
		A2C633DF29538E1500BF5907 /* HomeScreenViewController.swift */ = {isa = PBXFileReference; lastKnownFileType = sourcecode.swift; path = HomeScreenViewController.swift; sourceTree = "<group>"; };
		A2C633E22953963300BF5907 /* HomeScreenStackView.swift */ = {isa = PBXFileReference; lastKnownFileType = sourcecode.swift; path = HomeScreenStackView.swift; sourceTree = "<group>"; };
		A2C633E42953A08600BF5907 /* TeamBuilder.entitlements */ = {isa = PBXFileReference; lastKnownFileType = text.plist.entitlements; path = TeamBuilder.entitlements; sourceTree = "<group>"; };
		A2C6A3E1292DB9990098A9BC /* TeamBuilderCollectionViewExtension.swift */ = {isa = PBXFileReference; lastKnownFileType = sourcecode.swift; path = TeamBuilderCollectionViewExtension.swift; sourceTree = "<group>"; };
		A2C6A3E3292EA41A0098A9BC /* TeamCollectionViewCell.swift */ = {isa = PBXFileReference; lastKnownFileType = sourcecode.swift; path = TeamCollectionViewCell.swift; sourceTree = "<group>"; };
		A2C6A3E529327AA10098A9BC /* TeamManagerViewController.swift */ = {isa = PBXFileReference; lastKnownFileType = sourcecode.swift; path = TeamManagerViewController.swift; sourceTree = "<group>"; };
		A2D36C892980C3F100995092 /* Persistence.swift */ = {isa = PBXFileReference; lastKnownFileType = sourcecode.swift; path = Persistence.swift; sourceTree = "<group>"; };
		A2D36C8B2982385500995092 /* TeamsController.swift */ = {isa = PBXFileReference; lastKnownFileType = sourcecode.swift; path = TeamsController.swift; sourceTree = "<group>"; };
		A2EB75C4299EC35100CA9394 /* PopUpView.swift */ = {isa = PBXFileReference; lastKnownFileType = sourcecode.swift; path = PopUpView.swift; sourceTree = "<group>"; };
		A2F674F729A7204300C3E4D8 /* RecommendationsTest.swift */ = {isa = PBXFileReference; lastKnownFileType = sourcecode.swift; path = RecommendationsTest.swift; sourceTree = "<group>"; };
		A2F674F929A7220900C3E4D8 /* RecommendationsViewController.swift */ = {isa = PBXFileReference; lastKnownFileType = sourcecode.swift; path = RecommendationsViewController.swift; sourceTree = "<group>"; };
		A2F674FB29A726CD00C3E4D8 /* RecommendationsTableViewCell.swift */ = {isa = PBXFileReference; lastKnownFileType = sourcecode.swift; path = RecommendationsTableViewCell.swift; sourceTree = "<group>"; };
		A2F674FD29A7D8BA00C3E4D8 /* URLSessionNetworking.swift */ = {isa = PBXFileReference; lastKnownFileType = sourcecode.swift; path = URLSessionNetworking.swift; sourceTree = "<group>"; };
		A2F674FF29A931EF00C3E4D8 /* MockURLSessionNetworking.swift */ = {isa = PBXFileReference; lastKnownFileType = sourcecode.swift; path = MockURLSessionNetworking.swift; sourceTree = "<group>"; };
		A2F6750129A9337500C3E4D8 /* PokemonResponse.json */ = {isa = PBXFileReference; lastKnownFileType = text.json; path = PokemonResponse.json; sourceTree = "<group>"; };
/* End PBXFileReference section */

/* Begin PBXFrameworksBuildPhase section */
		A2ADFAB12916B9CF00CF2776 /* Frameworks */ = {
			isa = PBXFrameworksBuildPhase;
			buildActionMask = 2147483647;
			files = (
				9C94A7B24236D3F422D9583A /* Pods_Pokemon.framework in Frameworks */,
			);
			runOnlyForDeploymentPostprocessing = 0;
		};
		A2ADFAC72916B9D000CF2776 /* Frameworks */ = {
			isa = PBXFrameworksBuildPhase;
			buildActionMask = 2147483647;
			files = (
			);
			runOnlyForDeploymentPostprocessing = 0;
		};
		A2ADFAD12916B9D000CF2776 /* Frameworks */ = {
			isa = PBXFrameworksBuildPhase;
			buildActionMask = 2147483647;
			files = (
			);
			runOnlyForDeploymentPostprocessing = 0;
		};
/* End PBXFrameworksBuildPhase section */

/* Begin PBXGroup section */
		77DC7C9AAE84453F8590ACF7 /* Frameworks */ = {
			isa = PBXGroup;
			children = (
				34EDDFA83C0DD82233F850B0 /* Pods_Pokemon.framework */,
			);
			name = Frameworks;
			sourceTree = "<group>";
		};
		A2610FB229770FFB00A5DA57 /* TeamsList */ = {
			isa = PBXGroup;
			children = (
				A2610FB3297712C400A5DA57 /* TeamsListTableViewController.swift */,
				A2610FB529778A5900A5DA57 /* TeamsListTableViewCell.swift */,
			);
			path = TeamsList;
			sourceTree = "<group>";
		};
		A2ADFAAB2916B9CF00CF2776 = {
			isa = PBXGroup;
			children = (
				A2ADFAB62916B9CF00CF2776 /* TeamBuilder */,
				A2ADFACD2916B9D000CF2776 /* PokemonTests */,
				A2ADFAD72916B9D000CF2776 /* PokemonUITests */,
				A2ADFAB52916B9CF00CF2776 /* Products */,
				B67693E76B5DA9CDD2A46889 /* Pods */,
				77DC7C9AAE84453F8590ACF7 /* Frameworks */,
			);
			sourceTree = "<group>";
		};
		A2ADFAB52916B9CF00CF2776 /* Products */ = {
			isa = PBXGroup;
			children = (
				A2ADFAB42916B9CF00CF2776 /* TeamBuilder.app */,
				A2ADFACA2916B9D000CF2776 /* TeamBuilderTests.xctest */,
				A2ADFAD42916B9D000CF2776 /* TeamBuilderUITests.xctest */,
			);
			name = Products;
			sourceTree = "<group>";
		};
		A2ADFAB62916B9CF00CF2776 /* TeamBuilder */ = {
			isa = PBXGroup;
			children = (
				A2C633E42953A08600BF5907 /* TeamBuilder.entitlements */,
				A2ADFAF32916D64F00CF2776 /* Coordinators */,
				A2ADFAE72916B9F000CF2776 /* Resources */,
				A2ADFAE82916B9FC00CF2776 /* Controllers */,
				A2ADFAC52916B9D000CF2776 /* Info.plist */,
				A2ADFAF22916D59500CF2776 /* Models */,
				A2ADFAED2916C2FA00CF2776 /* PokemonError */,
			);
			path = TeamBuilder;
			sourceTree = "<group>";
		};
		A2ADFACD2916B9D000CF2776 /* PokemonTests */ = {
			isa = PBXGroup;
			children = (
				A2ADFACE2916B9D000CF2776 /* PokemonTests.swift */,
				A2F674F729A7204300C3E4D8 /* RecommendationsTest.swift */,
				A29EB921295CE84400EE6819 /* PokemonTeamManagerTests.swift */,
				A2F674FF29A931EF00C3E4D8 /* MockURLSessionNetworking.swift */,
				A2F6750129A9337500C3E4D8 /* PokemonResponse.json */,
			);
			path = PokemonTests;
			sourceTree = "<group>";
		};
		A2ADFAD72916B9D000CF2776 /* PokemonUITests */ = {
			isa = PBXGroup;
			children = (
				A2ADFAD82916B9D000CF2776 /* PokemonUITests.swift */,
				A2ADFADA2916B9D000CF2776 /* PokemonUITestsLaunchTests.swift */,
			);
			path = PokemonUITests;
			sourceTree = "<group>";
		};
		A2ADFAE72916B9F000CF2776 /* Resources */ = {
			isa = PBXGroup;
			children = (
				A2ADFAC22916B9D000CF2776 /* LaunchScreen.storyboard */,
				A2ADFAB72916B9CF00CF2776 /* AppDelegate.swift */,
				A2ADFAB92916B9CF00CF2776 /* SceneDelegate.swift */,
				A2ADFAC02916B9D000CF2776 /* Assets.xcassets */,
			);
			path = Resources;
			sourceTree = "<group>";
		};
		A2ADFAE82916B9FC00CF2776 /* Controllers */ = {
			isa = PBXGroup;
			children = (
				A2EB75C6299EC51200CA9394 /* Seemingly Useless Files */,
				A2D36C882980C3CC00995092 /* Persistence */,
				A2610FB229770FFB00A5DA57 /* TeamsList */,
				A2EB75C7299EC6E500CA9394 /* TeamBuilderViewControllers */,
				A2C633D72952A4CA00BF5907 /* TeamManagerViewControllers */,
				A2C633DB2952A59A00BF5907 /* TeamPokemonController.swift */,
				A2C633E12953961600BF5907 /* HomeScreenViewControllers */,
				A2EB75C4299EC35100CA9394 /* PopUpView.swift */,
				A2F674F929A7220900C3E4D8 /* RecommendationsViewController.swift */,
				A2F674FD29A7D8BA00C3E4D8 /* URLSessionNetworking.swift */,
				A2F674FB29A726CD00C3E4D8 /* RecommendationsTableViewCell.swift */,
			);
			path = Controllers;
			sourceTree = "<group>";
		};
		A2ADFAED2916C2FA00CF2776 /* PokemonError */ = {
			isa = PBXGroup;
			children = (
				A2ADFAEE2916C30700CF2776 /* PokemonError.swift */,
				A2ADFAF02916CB8000CF2776 /* UIVCExtension.swift */,
			);
			path = PokemonError;
			sourceTree = "<group>";
		};
		A2ADFAF22916D59500CF2776 /* Models */ = {
			isa = PBXGroup;
			children = (
				A2ADFAFC2916DD1E00CF2776 /* TeamPokemon.swift */,
				A2ADFAFE291DC8F100CF2776 /* Team.swift */,
			);
			path = Models;
			sourceTree = "<group>";
		};
		A2ADFAF32916D64F00CF2776 /* Coordinators */ = {
			isa = PBXGroup;
			children = (
				A2ADFAF42916D65B00CF2776 /* Coordinator.swift */,
				A2ADFAF62916D68D00CF2776 /* MainCoordinator.swift */,
			);
			path = Coordinators;
			sourceTree = "<group>";
		};
		A2C633D72952A4CA00BF5907 /* TeamManagerViewControllers */ = {
			isa = PBXGroup;
			children = (
				A2C6A3E3292EA41A0098A9BC /* TeamCollectionViewCell.swift */,
				A2C633D12952849300BF5907 /* UpperTeamCollectionViewCell.swift */,
				A2C6A3E529327AA10098A9BC /* TeamManagerViewController.swift */,
				A23A2333293586F5004E3214 /* TypeCollectionHeaderView.swift */,
				A23A23352937F2AB004E3214 /* TypeChartCalculationCollectionViewCell.swift */,
				A23A2339293A8055004E3214 /* TypeLabelCollectionViewCell.swift */,
				A2C633D529529BF400BF5907 /* TeamTableViewCell.swift */,
			);
			path = TeamManagerViewControllers;
			sourceTree = "<group>";
		};
		A2C633E12953961600BF5907 /* HomeScreenViewControllers */ = {
			isa = PBXGroup;
			children = (
				A2C633DF29538E1500BF5907 /* HomeScreenViewController.swift */,
				A2C633E22953963300BF5907 /* HomeScreenStackView.swift */,
			);
			path = HomeScreenViewControllers;
			sourceTree = "<group>";
		};
		A2D36C882980C3CC00995092 /* Persistence */ = {
			isa = PBXGroup;
			children = (
				A2D36C892980C3F100995092 /* Persistence.swift */,
			);
			path = Persistence;
			sourceTree = "<group>";
		};
		A2EB75C6299EC51200CA9394 /* Seemingly Useless Files */ = {
			isa = PBXGroup;
			children = (
				A29EB91F2953D0BC00EE6819 /* PracticeViewController.swift */,
				A2ADFAE92916C09A00CF2776 /* Pokemon.swift */,
				A29EB9192953A90500EE6819 /* TeamsViewController.swift */,
				A29EB91B2953CC7600EE6819 /* PokemonType.swift */,
				A2610FB729778E8400A5DA57 /* TeamsList.xcdatamodeld */,
				A2ADFAEB2916C1C100CF2776 /* PokemonController.swift */,
				A2ADFABB2916B9CF00CF2776 /* PokemonViewController.swift */,
				A29EB91D2953CD9D00EE6819 /* PokemonTypeController.swift */,
				A2D36C8B2982385500995092 /* TeamsController.swift */,
			);
			path = "Seemingly Useless Files";
			sourceTree = "<group>";
		};
		A2EB75C7299EC6E500CA9394 /* TeamBuilderViewControllers */ = {
			isa = PBXGroup;
			children = (
				A2ADFAF82916DA7500CF2776 /* TeamBuilderViewController.swift */,
				A2C6A3E1292DB9990098A9BC /* TeamBuilderCollectionViewExtension.swift */,
			);
			path = TeamBuilderViewControllers;
			sourceTree = "<group>";
		};
		B67693E76B5DA9CDD2A46889 /* Pods */ = {
			isa = PBXGroup;
			children = (
				6589FB660A93D776F555A39C /* Pods-Pokemon.debug.xcconfig */,
				79306BA9480BCE1B5D114AE1 /* Pods-Pokemon.release.xcconfig */,
			);
			path = Pods;
			sourceTree = "<group>";
		};
/* End PBXGroup section */

/* Begin PBXNativeTarget section */
		A2ADFAB32916B9CF00CF2776 /* TeamBuilder */ = {
			isa = PBXNativeTarget;
			buildConfigurationList = A2ADFADE2916B9D000CF2776 /* Build configuration list for PBXNativeTarget "TeamBuilder" */;
			buildPhases = (
				F636F4212FBDD14F5B57695C /* [CP] Check Pods Manifest.lock */,
				A2ADFAB02916B9CF00CF2776 /* Sources */,
				A2ADFAB12916B9CF00CF2776 /* Frameworks */,
				A2ADFAB22916B9CF00CF2776 /* Resources */,
				F4B85ABBFAE4D0BEBEA85AA9 /* [CP] Embed Pods Frameworks */,
			);
			buildRules = (
			);
			dependencies = (
			);
			name = TeamBuilder;
			productName = Pokemon;
			productReference = A2ADFAB42916B9CF00CF2776 /* TeamBuilder.app */;
			productType = "com.apple.product-type.application";
		};
		A2ADFAC92916B9D000CF2776 /* TeamBuilderTests */ = {
			isa = PBXNativeTarget;
			buildConfigurationList = A2ADFAE12916B9D000CF2776 /* Build configuration list for PBXNativeTarget "TeamBuilderTests" */;
			buildPhases = (
				A2ADFAC62916B9D000CF2776 /* Sources */,
				A2ADFAC72916B9D000CF2776 /* Frameworks */,
				A2ADFAC82916B9D000CF2776 /* Resources */,
			);
			buildRules = (
			);
			dependencies = (
				A2ADFACC2916B9D000CF2776 /* PBXTargetDependency */,
			);
			name = TeamBuilderTests;
			productName = PokemonTests;
			productReference = A2ADFACA2916B9D000CF2776 /* TeamBuilderTests.xctest */;
			productType = "com.apple.product-type.bundle.unit-test";
		};
		A2ADFAD32916B9D000CF2776 /* TeamBuilderUITests */ = {
			isa = PBXNativeTarget;
			buildConfigurationList = A2ADFAE42916B9D000CF2776 /* Build configuration list for PBXNativeTarget "TeamBuilderUITests" */;
			buildPhases = (
				A2ADFAD02916B9D000CF2776 /* Sources */,
				A2ADFAD12916B9D000CF2776 /* Frameworks */,
				A2ADFAD22916B9D000CF2776 /* Resources */,
			);
			buildRules = (
			);
			dependencies = (
				A2ADFAD62916B9D000CF2776 /* PBXTargetDependency */,
			);
			name = TeamBuilderUITests;
			productName = PokemonUITests;
			productReference = A2ADFAD42916B9D000CF2776 /* TeamBuilderUITests.xctest */;
			productType = "com.apple.product-type.bundle.ui-testing";
		};
/* End PBXNativeTarget section */

/* Begin PBXProject section */
		A2ADFAAC2916B9CF00CF2776 /* Project object */ = {
			isa = PBXProject;
			attributes = {
				BuildIndependentTargetsInParallel = 1;
				LastSwiftUpdateCheck = 1340;
				LastUpgradeCheck = 1340;
				TargetAttributes = {
					A2ADFAB32916B9CF00CF2776 = {
						CreatedOnToolsVersion = 13.4.1;
					};
					A2ADFAC92916B9D000CF2776 = {
						CreatedOnToolsVersion = 13.4.1;
						TestTargetID = A2ADFAB32916B9CF00CF2776;
					};
					A2ADFAD32916B9D000CF2776 = {
						CreatedOnToolsVersion = 13.4.1;
						TestTargetID = A2ADFAB32916B9CF00CF2776;
					};
				};
			};
			buildConfigurationList = A2ADFAAF2916B9CF00CF2776 /* Build configuration list for PBXProject "TeamBuilder" */;
			compatibilityVersion = "Xcode 13.0";
			developmentRegion = en;
			hasScannedForEncodings = 0;
			knownRegions = (
				en,
				Base,
			);
			mainGroup = A2ADFAAB2916B9CF00CF2776;
			productRefGroup = A2ADFAB52916B9CF00CF2776 /* Products */;
			projectDirPath = "";
			projectRoot = "";
			targets = (
				A2ADFAB32916B9CF00CF2776 /* TeamBuilder */,
				A2ADFAC92916B9D000CF2776 /* TeamBuilderTests */,
				A2ADFAD32916B9D000CF2776 /* TeamBuilderUITests */,
			);
		};
/* End PBXProject section */

/* Begin PBXResourcesBuildPhase section */
		A2ADFAB22916B9CF00CF2776 /* Resources */ = {
			isa = PBXResourcesBuildPhase;
			buildActionMask = 2147483647;
			files = (
				A2ADFAC42916B9D000CF2776 /* LaunchScreen.storyboard in Resources */,
				A2ADFAC12916B9D000CF2776 /* Assets.xcassets in Resources */,
			);
			runOnlyForDeploymentPostprocessing = 0;
		};
		A2ADFAC82916B9D000CF2776 /* Resources */ = {
			isa = PBXResourcesBuildPhase;
			buildActionMask = 2147483647;
			files = (
				A2F6750229A9337500C3E4D8 /* PokemonResponse.json in Resources */,
			);
			runOnlyForDeploymentPostprocessing = 0;
		};
		A2ADFAD22916B9D000CF2776 /* Resources */ = {
			isa = PBXResourcesBuildPhase;
			buildActionMask = 2147483647;
			files = (
			);
			runOnlyForDeploymentPostprocessing = 0;
		};
/* End PBXResourcesBuildPhase section */

/* Begin PBXShellScriptBuildPhase section */
		F4B85ABBFAE4D0BEBEA85AA9 /* [CP] Embed Pods Frameworks */ = {
			isa = PBXShellScriptBuildPhase;
			buildActionMask = 2147483647;
			files = (
			);
			inputFileListPaths = (
				"${PODS_ROOT}/Target Support Files/Pods-Pokemon/Pods-Pokemon-frameworks-${CONFIGURATION}-input-files.xcfilelist",
			);
			name = "[CP] Embed Pods Frameworks";
			outputFileListPaths = (
				"${PODS_ROOT}/Target Support Files/Pods-Pokemon/Pods-Pokemon-frameworks-${CONFIGURATION}-output-files.xcfilelist",
			);
			runOnlyForDeploymentPostprocessing = 0;
			shellPath = /bin/sh;
			shellScript = "\"${PODS_ROOT}/Target Support Files/Pods-Pokemon/Pods-Pokemon-frameworks.sh\"\n";
			showEnvVarsInLog = 0;
		};
		F636F4212FBDD14F5B57695C /* [CP] Check Pods Manifest.lock */ = {
			isa = PBXShellScriptBuildPhase;
			buildActionMask = 2147483647;
			files = (
			);
			inputFileListPaths = (
			);
			inputPaths = (
				"${PODS_PODFILE_DIR_PATH}/Podfile.lock",
				"${PODS_ROOT}/Manifest.lock",
			);
			name = "[CP] Check Pods Manifest.lock";
			outputFileListPaths = (
			);
			outputPaths = (
				"$(DERIVED_FILE_DIR)/Pods-Pokemon-checkManifestLockResult.txt",
			);
			runOnlyForDeploymentPostprocessing = 0;
			shellPath = /bin/sh;
			shellScript = "diff \"${PODS_PODFILE_DIR_PATH}/Podfile.lock\" \"${PODS_ROOT}/Manifest.lock\" > /dev/null\nif [ $? != 0 ] ; then\n    # print error to STDERR\n    echo \"error: The sandbox is not in sync with the Podfile.lock. Run 'pod install' or update your CocoaPods installation.\" >&2\n    exit 1\nfi\n# This output is used by Xcode 'outputs' to avoid re-running this script phase.\necho \"SUCCESS\" > \"${SCRIPT_OUTPUT_FILE_0}\"\n";
			showEnvVarsInLog = 0;
		};
/* End PBXShellScriptBuildPhase section */

/* Begin PBXSourcesBuildPhase section */
		A2ADFAB02916B9CF00CF2776 /* Sources */ = {
			isa = PBXSourcesBuildPhase;
			buildActionMask = 2147483647;
			files = (
				A2EB75C5299EC35100CA9394 /* PopUpView.swift in Sources */,
				A2ADFAF52916D65B00CF2776 /* Coordinator.swift in Sources */,
				A2ADFABC2916B9CF00CF2776 /* PokemonViewController.swift in Sources */,
				A2ADFAFF291DC8F100CF2776 /* Team.swift in Sources */,
				A29EB91A2953A90500EE6819 /* TeamsViewController.swift in Sources */,
				A23A233A293A8055004E3214 /* TypeLabelCollectionViewCell.swift in Sources */,
				A2ADFAEA2916C09A00CF2776 /* Pokemon.swift in Sources */,
				A23A23362937F2AC004E3214 /* TypeChartCalculationCollectionViewCell.swift in Sources */,
				A2C633E32953963300BF5907 /* HomeScreenStackView.swift in Sources */,
				A2ADFAF12916CB8000CF2776 /* UIVCExtension.swift in Sources */,
				A2ADFAFD2916DD1E00CF2776 /* TeamPokemon.swift in Sources */,
				A2ADFAB82916B9CF00CF2776 /* AppDelegate.swift in Sources */,
				A2ADFAF92916DA7500CF2776 /* TeamBuilderViewController.swift in Sources */,
				A2ADFABA2916B9CF00CF2776 /* SceneDelegate.swift in Sources */,
				A2ADFAEF2916C30700CF2776 /* PokemonError.swift in Sources */,
				A2F674FC29A726CD00C3E4D8 /* RecommendationsTableViewCell.swift in Sources */,
				A2F674FA29A7220900C3E4D8 /* RecommendationsViewController.swift in Sources */,
				A2D36C8C2982385500995092 /* TeamsController.swift in Sources */,
				A2C633DC2952A59B00BF5907 /* TeamPokemonController.swift in Sources */,
				A2C633D22952849300BF5907 /* UpperTeamCollectionViewCell.swift in Sources */,
				A29EB9202953D0BC00EE6819 /* PracticeViewController.swift in Sources */,
				A2ADFAF72916D68D00CF2776 /* MainCoordinator.swift in Sources */,
				A2610FB4297712C400A5DA57 /* TeamsListTableViewController.swift in Sources */,
				A29EB91E2953CD9D00EE6819 /* PokemonTypeController.swift in Sources */,
				A2610FB929778E8400A5DA57 /* TeamsList.xcdatamodeld in Sources */,
				A2C633E029538E1500BF5907 /* HomeScreenViewController.swift in Sources */,
				A29EB91C2953CC7600EE6819 /* PokemonType.swift in Sources */,
				A23A2334293586F5004E3214 /* TypeCollectionHeaderView.swift in Sources */,
				A2C6A3E629327AA10098A9BC /* TeamManagerViewController.swift in Sources */,
				A2C633D629529BF400BF5907 /* TeamTableViewCell.swift in Sources */,
				A2ADFAEC2916C1C100CF2776 /* PokemonController.swift in Sources */,
				A2610FB629778A5900A5DA57 /* TeamsListTableViewCell.swift in Sources */,
				A2F674FE29A7D8BA00C3E4D8 /* URLSessionNetworking.swift in Sources */,
				A2C6A3E2292DB9990098A9BC /* TeamBuilderCollectionViewExtension.swift in Sources */,
				A2C6A3E4292EA41A0098A9BC /* TeamCollectionViewCell.swift in Sources */,
				A2D36C8A2980C3F100995092 /* Persistence.swift in Sources */,
			);
			runOnlyForDeploymentPostprocessing = 0;
		};
		A2ADFAC62916B9D000CF2776 /* Sources */ = {
			isa = PBXSourcesBuildPhase;
			buildActionMask = 2147483647;
			files = (
				A2F674F829A7204300C3E4D8 /* RecommendationsTest.swift in Sources */,
				A29EB922295CE84400EE6819 /* PokemonTeamManagerTests.swift in Sources */,
				A2F6750029A931EF00C3E4D8 /* MockURLSessionNetworking.swift in Sources */,
				A2ADFACF2916B9D000CF2776 /* PokemonTests.swift in Sources */,
			);
			runOnlyForDeploymentPostprocessing = 0;
		};
		A2ADFAD02916B9D000CF2776 /* Sources */ = {
			isa = PBXSourcesBuildPhase;
			buildActionMask = 2147483647;
			files = (
				A2ADFADB2916B9D000CF2776 /* PokemonUITestsLaunchTests.swift in Sources */,
				A2ADFAD92916B9D000CF2776 /* PokemonUITests.swift in Sources */,
			);
			runOnlyForDeploymentPostprocessing = 0;
		};
/* End PBXSourcesBuildPhase section */

/* Begin PBXTargetDependency section */
		A2ADFACC2916B9D000CF2776 /* PBXTargetDependency */ = {
			isa = PBXTargetDependency;
			target = A2ADFAB32916B9CF00CF2776 /* TeamBuilder */;
			targetProxy = A2ADFACB2916B9D000CF2776 /* PBXContainerItemProxy */;
		};
		A2ADFAD62916B9D000CF2776 /* PBXTargetDependency */ = {
			isa = PBXTargetDependency;
			target = A2ADFAB32916B9CF00CF2776 /* TeamBuilder */;
			targetProxy = A2ADFAD52916B9D000CF2776 /* PBXContainerItemProxy */;
		};
/* End PBXTargetDependency section */

/* Begin PBXVariantGroup section */
		A2ADFAC22916B9D000CF2776 /* LaunchScreen.storyboard */ = {
			isa = PBXVariantGroup;
			children = (
				A2ADFAC32916B9D000CF2776 /* Base */,
			);
			name = LaunchScreen.storyboard;
			sourceTree = "<group>";
		};
/* End PBXVariantGroup section */

/* Begin XCBuildConfiguration section */
		A2ADFADC2916B9D000CF2776 /* Debug */ = {
			isa = XCBuildConfiguration;
			buildSettings = {
				ALWAYS_SEARCH_USER_PATHS = NO;
				CLANG_ANALYZER_NONNULL = YES;
				CLANG_ANALYZER_NUMBER_OBJECT_CONVERSION = YES_AGGRESSIVE;
				CLANG_CXX_LANGUAGE_STANDARD = "gnu++17";
				CLANG_ENABLE_MODULES = YES;
				CLANG_ENABLE_OBJC_ARC = YES;
				CLANG_ENABLE_OBJC_WEAK = YES;
				CLANG_WARN_BLOCK_CAPTURE_AUTORELEASING = YES;
				CLANG_WARN_BOOL_CONVERSION = YES;
				CLANG_WARN_COMMA = YES;
				CLANG_WARN_CONSTANT_CONVERSION = YES;
				CLANG_WARN_DEPRECATED_OBJC_IMPLEMENTATIONS = YES;
				CLANG_WARN_DIRECT_OBJC_ISA_USAGE = YES_ERROR;
				CLANG_WARN_DOCUMENTATION_COMMENTS = YES;
				CLANG_WARN_EMPTY_BODY = YES;
				CLANG_WARN_ENUM_CONVERSION = YES;
				CLANG_WARN_INFINITE_RECURSION = YES;
				CLANG_WARN_INT_CONVERSION = YES;
				CLANG_WARN_NON_LITERAL_NULL_CONVERSION = YES;
				CLANG_WARN_OBJC_IMPLICIT_RETAIN_SELF = YES;
				CLANG_WARN_OBJC_LITERAL_CONVERSION = YES;
				CLANG_WARN_OBJC_ROOT_CLASS = YES_ERROR;
				CLANG_WARN_QUOTED_INCLUDE_IN_FRAMEWORK_HEADER = YES;
				CLANG_WARN_RANGE_LOOP_ANALYSIS = YES;
				CLANG_WARN_STRICT_PROTOTYPES = YES;
				CLANG_WARN_SUSPICIOUS_MOVE = YES;
				CLANG_WARN_UNGUARDED_AVAILABILITY = YES_AGGRESSIVE;
				CLANG_WARN_UNREACHABLE_CODE = YES;
				CLANG_WARN__DUPLICATE_METHOD_MATCH = YES;
				COPY_PHASE_STRIP = NO;
				DEBUG_INFORMATION_FORMAT = dwarf;
				ENABLE_STRICT_OBJC_MSGSEND = YES;
				ENABLE_TESTABILITY = YES;
				GCC_C_LANGUAGE_STANDARD = gnu11;
				GCC_DYNAMIC_NO_PIC = NO;
				GCC_NO_COMMON_BLOCKS = YES;
				GCC_OPTIMIZATION_LEVEL = 0;
				GCC_PREPROCESSOR_DEFINITIONS = (
					"DEBUG=1",
					"$(inherited)",
				);
				GCC_WARN_64_TO_32_BIT_CONVERSION = YES;
				GCC_WARN_ABOUT_RETURN_TYPE = YES_ERROR;
				GCC_WARN_UNDECLARED_SELECTOR = YES;
				GCC_WARN_UNINITIALIZED_AUTOS = YES_AGGRESSIVE;
				GCC_WARN_UNUSED_FUNCTION = YES;
				GCC_WARN_UNUSED_VARIABLE = YES;
				IPHONEOS_DEPLOYMENT_TARGET = 16.1;
				MTL_ENABLE_DEBUG_INFO = INCLUDE_SOURCE;
				MTL_FAST_MATH = YES;
				ONLY_ACTIVE_ARCH = YES;
				SDKROOT = iphoneos;
				SWIFT_ACTIVE_COMPILATION_CONDITIONS = DEBUG;
				SWIFT_OPTIMIZATION_LEVEL = "-Onone";
			};
			name = Debug;
		};
		A2ADFADD2916B9D000CF2776 /* Release */ = {
			isa = XCBuildConfiguration;
			buildSettings = {
				ALWAYS_SEARCH_USER_PATHS = NO;
				CLANG_ANALYZER_NONNULL = YES;
				CLANG_ANALYZER_NUMBER_OBJECT_CONVERSION = YES_AGGRESSIVE;
				CLANG_CXX_LANGUAGE_STANDARD = "gnu++17";
				CLANG_ENABLE_MODULES = YES;
				CLANG_ENABLE_OBJC_ARC = YES;
				CLANG_ENABLE_OBJC_WEAK = YES;
				CLANG_WARN_BLOCK_CAPTURE_AUTORELEASING = YES;
				CLANG_WARN_BOOL_CONVERSION = YES;
				CLANG_WARN_COMMA = YES;
				CLANG_WARN_CONSTANT_CONVERSION = YES;
				CLANG_WARN_DEPRECATED_OBJC_IMPLEMENTATIONS = YES;
				CLANG_WARN_DIRECT_OBJC_ISA_USAGE = YES_ERROR;
				CLANG_WARN_DOCUMENTATION_COMMENTS = YES;
				CLANG_WARN_EMPTY_BODY = YES;
				CLANG_WARN_ENUM_CONVERSION = YES;
				CLANG_WARN_INFINITE_RECURSION = YES;
				CLANG_WARN_INT_CONVERSION = YES;
				CLANG_WARN_NON_LITERAL_NULL_CONVERSION = YES;
				CLANG_WARN_OBJC_IMPLICIT_RETAIN_SELF = YES;
				CLANG_WARN_OBJC_LITERAL_CONVERSION = YES;
				CLANG_WARN_OBJC_ROOT_CLASS = YES_ERROR;
				CLANG_WARN_QUOTED_INCLUDE_IN_FRAMEWORK_HEADER = YES;
				CLANG_WARN_RANGE_LOOP_ANALYSIS = YES;
				CLANG_WARN_STRICT_PROTOTYPES = YES;
				CLANG_WARN_SUSPICIOUS_MOVE = YES;
				CLANG_WARN_UNGUARDED_AVAILABILITY = YES_AGGRESSIVE;
				CLANG_WARN_UNREACHABLE_CODE = YES;
				CLANG_WARN__DUPLICATE_METHOD_MATCH = YES;
				COPY_PHASE_STRIP = NO;
				DEBUG_INFORMATION_FORMAT = "dwarf-with-dsym";
				ENABLE_NS_ASSERTIONS = NO;
				ENABLE_STRICT_OBJC_MSGSEND = YES;
				GCC_C_LANGUAGE_STANDARD = gnu11;
				GCC_NO_COMMON_BLOCKS = YES;
				GCC_WARN_64_TO_32_BIT_CONVERSION = YES;
				GCC_WARN_ABOUT_RETURN_TYPE = YES_ERROR;
				GCC_WARN_UNDECLARED_SELECTOR = YES;
				GCC_WARN_UNINITIALIZED_AUTOS = YES_AGGRESSIVE;
				GCC_WARN_UNUSED_FUNCTION = YES;
				GCC_WARN_UNUSED_VARIABLE = YES;
				IPHONEOS_DEPLOYMENT_TARGET = 16.1;
				MTL_ENABLE_DEBUG_INFO = NO;
				MTL_FAST_MATH = YES;
				SDKROOT = iphoneos;
				SWIFT_COMPILATION_MODE = wholemodule;
				SWIFT_OPTIMIZATION_LEVEL = "-O";
				VALIDATE_PRODUCT = YES;
			};
			name = Release;
		};
		A2ADFADF2916B9D000CF2776 /* Debug */ = {
			isa = XCBuildConfiguration;
			baseConfigurationReference = 6589FB660A93D776F555A39C /* Pods-Pokemon.debug.xcconfig */;
			buildSettings = {
				ASSETCATALOG_COMPILER_APPICON_NAME = AppIcon;
				ASSETCATALOG_COMPILER_GLOBAL_ACCENT_COLOR_NAME = AccentColor;
				CODE_SIGN_ENTITLEMENTS = TeamBuilder/TeamBuilder.entitlements;
				CODE_SIGN_IDENTITY = "Apple Development";
				CODE_SIGN_STYLE = Automatic;
				CURRENT_PROJECT_VERSION = 1;
				DEVELOPMENT_TEAM = 3Z9KG4V9S3;
				GENERATE_INFOPLIST_FILE = YES;
				INFOPLIST_FILE = TeamBuilder/Info.plist;
				INFOPLIST_KEY_UIApplicationSupportsIndirectInputEvents = YES;
				INFOPLIST_KEY_UILaunchStoryboardName = LaunchScreen;
				INFOPLIST_KEY_UISupportedInterfaceOrientations_iPad = "UIInterfaceOrientationPortrait UIInterfaceOrientationPortraitUpsideDown UIInterfaceOrientationLandscapeLeft UIInterfaceOrientationLandscapeRight";
				INFOPLIST_KEY_UISupportedInterfaceOrientations_iPhone = "UIInterfaceOrientationPortrait UIInterfaceOrientationLandscapeLeft UIInterfaceOrientationLandscapeRight";
				LD_RUNPATH_SEARCH_PATHS = (
					"$(inherited)",
					"@executable_path/Frameworks",
				);
				MARKETING_VERSION = 1.0;
				PRODUCT_BUNDLE_IDENTIFIER = com.parkercoelho.Pokemon;
				PRODUCT_NAME = "$(TARGET_NAME)";
				PROVISIONING_PROFILE_SPECIFIER = "";
				SWIFT_EMIT_LOC_STRINGS = YES;
				SWIFT_VERSION = 5.0;
				TARGETED_DEVICE_FAMILY = "1,2";
			};
			name = Debug;
		};
		A2ADFAE02916B9D000CF2776 /* Release */ = {
			isa = XCBuildConfiguration;
			baseConfigurationReference = 79306BA9480BCE1B5D114AE1 /* Pods-Pokemon.release.xcconfig */;
			buildSettings = {
				ASSETCATALOG_COMPILER_APPICON_NAME = AppIcon;
				ASSETCATALOG_COMPILER_GLOBAL_ACCENT_COLOR_NAME = AccentColor;
				CODE_SIGN_ENTITLEMENTS = TeamBuilder/TeamBuilder.entitlements;
				CODE_SIGN_IDENTITY = "Apple Development";
				CODE_SIGN_STYLE = Automatic;
				CURRENT_PROJECT_VERSION = 1;
				DEVELOPMENT_TEAM = 3Z9KG4V9S3;
				GENERATE_INFOPLIST_FILE = YES;
				INFOPLIST_FILE = TeamBuilder/Info.plist;
				INFOPLIST_KEY_UIApplicationSupportsIndirectInputEvents = YES;
				INFOPLIST_KEY_UILaunchStoryboardName = LaunchScreen;
				INFOPLIST_KEY_UISupportedInterfaceOrientations_iPad = "UIInterfaceOrientationPortrait UIInterfaceOrientationPortraitUpsideDown UIInterfaceOrientationLandscapeLeft UIInterfaceOrientationLandscapeRight";
				INFOPLIST_KEY_UISupportedInterfaceOrientations_iPhone = "UIInterfaceOrientationPortrait UIInterfaceOrientationLandscapeLeft UIInterfaceOrientationLandscapeRight";
				LD_RUNPATH_SEARCH_PATHS = (
					"$(inherited)",
					"@executable_path/Frameworks",
				);
				MARKETING_VERSION = 1.0;
				PRODUCT_BUNDLE_IDENTIFIER = com.parkercoelho.Pokemon;
				PRODUCT_NAME = "$(TARGET_NAME)";
				PROVISIONING_PROFILE_SPECIFIER = "";
				SWIFT_EMIT_LOC_STRINGS = YES;
				SWIFT_VERSION = 5.0;
				TARGETED_DEVICE_FAMILY = "1,2";
			};
			name = Release;
		};
		A2ADFAE22916B9D000CF2776 /* Debug */ = {
			isa = XCBuildConfiguration;
			buildSettings = {
				ALWAYS_EMBED_SWIFT_STANDARD_LIBRARIES = YES;
				BUNDLE_LOADER = "$(TEST_HOST)";
				CODE_SIGN_STYLE = Automatic;
				CURRENT_PROJECT_VERSION = 1;
				DEVELOPMENT_TEAM = 3Z9KG4V9S3;
				GENERATE_INFOPLIST_FILE = YES;
				IPHONEOS_DEPLOYMENT_TARGET = 16.1;
				MARKETING_VERSION = 1.0;
				PRODUCT_BUNDLE_IDENTIFIER = com.raywenderlich.PokemonTests;
				PRODUCT_NAME = "$(TARGET_NAME)";
				SWIFT_EMIT_LOC_STRINGS = NO;
				SWIFT_VERSION = 5.0;
				TARGETED_DEVICE_FAMILY = "1,2";
				TEST_HOST = "$(BUILT_PRODUCTS_DIR)/TeamBuilder.app/TeamBuilder";
			};
			name = Debug;
		};
		A2ADFAE32916B9D000CF2776 /* Release */ = {
			isa = XCBuildConfiguration;
			buildSettings = {
				ALWAYS_EMBED_SWIFT_STANDARD_LIBRARIES = YES;
				BUNDLE_LOADER = "$(TEST_HOST)";
				CODE_SIGN_STYLE = Automatic;
				CURRENT_PROJECT_VERSION = 1;
				DEVELOPMENT_TEAM = 3Z9KG4V9S3;
				GENERATE_INFOPLIST_FILE = YES;
				IPHONEOS_DEPLOYMENT_TARGET = 16.1;
				MARKETING_VERSION = 1.0;
				PRODUCT_BUNDLE_IDENTIFIER = com.raywenderlich.PokemonTests;
				PRODUCT_NAME = "$(TARGET_NAME)";
				SWIFT_EMIT_LOC_STRINGS = NO;
				SWIFT_VERSION = 5.0;
				TARGETED_DEVICE_FAMILY = "1,2";
				TEST_HOST = "$(BUILT_PRODUCTS_DIR)/TeamBuilder.app/TeamBuilder";
			};
			name = Release;
		};
		A2ADFAE52916B9D000CF2776 /* Debug */ = {
			isa = XCBuildConfiguration;
			buildSettings = {
				ALWAYS_EMBED_SWIFT_STANDARD_LIBRARIES = YES;
				CODE_SIGN_STYLE = Automatic;
				CURRENT_PROJECT_VERSION = 1;
				DEVELOPMENT_TEAM = 3Z9KG4V9S3;
				GENERATE_INFOPLIST_FILE = YES;
				MARKETING_VERSION = 1.0;
				PRODUCT_BUNDLE_IDENTIFIER = com.raywenderlich.PokemonUITests;
				PRODUCT_NAME = "$(TARGET_NAME)";
				SWIFT_EMIT_LOC_STRINGS = NO;
				SWIFT_VERSION = 5.0;
				TARGETED_DEVICE_FAMILY = "1,2";
				TEST_TARGET_NAME = Pokemon;
			};
			name = Debug;
		};
		A2ADFAE62916B9D000CF2776 /* Release */ = {
			isa = XCBuildConfiguration;
			buildSettings = {
				ALWAYS_EMBED_SWIFT_STANDARD_LIBRARIES = YES;
				CODE_SIGN_STYLE = Automatic;
				CURRENT_PROJECT_VERSION = 1;
				DEVELOPMENT_TEAM = 3Z9KG4V9S3;
				GENERATE_INFOPLIST_FILE = YES;
				MARKETING_VERSION = 1.0;
				PRODUCT_BUNDLE_IDENTIFIER = com.raywenderlich.PokemonUITests;
				PRODUCT_NAME = "$(TARGET_NAME)";
				SWIFT_EMIT_LOC_STRINGS = NO;
				SWIFT_VERSION = 5.0;
				TARGETED_DEVICE_FAMILY = "1,2";
				TEST_TARGET_NAME = Pokemon;
			};
			name = Release;
		};
/* End XCBuildConfiguration section */

/* Begin XCConfigurationList section */
		A2ADFAAF2916B9CF00CF2776 /* Build configuration list for PBXProject "TeamBuilder" */ = {
			isa = XCConfigurationList;
			buildConfigurations = (
				A2ADFADC2916B9D000CF2776 /* Debug */,
				A2ADFADD2916B9D000CF2776 /* Release */,
			);
			defaultConfigurationIsVisible = 0;
			defaultConfigurationName = Release;
		};
		A2ADFADE2916B9D000CF2776 /* Build configuration list for PBXNativeTarget "TeamBuilder" */ = {
			isa = XCConfigurationList;
			buildConfigurations = (
				A2ADFADF2916B9D000CF2776 /* Debug */,
				A2ADFAE02916B9D000CF2776 /* Release */,
			);
			defaultConfigurationIsVisible = 0;
			defaultConfigurationName = Release;
		};
		A2ADFAE12916B9D000CF2776 /* Build configuration list for PBXNativeTarget "TeamBuilderTests" */ = {
			isa = XCConfigurationList;
			buildConfigurations = (
				A2ADFAE22916B9D000CF2776 /* Debug */,
				A2ADFAE32916B9D000CF2776 /* Release */,
			);
			defaultConfigurationIsVisible = 0;
			defaultConfigurationName = Release;
		};
		A2ADFAE42916B9D000CF2776 /* Build configuration list for PBXNativeTarget "TeamBuilderUITests" */ = {
			isa = XCConfigurationList;
			buildConfigurations = (
				A2ADFAE52916B9D000CF2776 /* Debug */,
				A2ADFAE62916B9D000CF2776 /* Release */,
			);
			defaultConfigurationIsVisible = 0;
			defaultConfigurationName = Release;
		};
/* End XCConfigurationList section */

/* Begin XCVersionGroup section */
		A2610FB729778E8400A5DA57 /* TeamsList.xcdatamodeld */ = {
			isa = XCVersionGroup;
			children = (
				A2610FB829778E8400A5DA57 /* TeamsList.xcdatamodel */,
			);
			currentVersion = A2610FB829778E8400A5DA57 /* TeamsList.xcdatamodel */;
			path = TeamsList.xcdatamodeld;
			sourceTree = "<group>";
			versionGroupType = wrapper.xcdatamodel;
		};
/* End XCVersionGroup section */
	};
	rootObject = A2ADFAAC2916B9CF00CF2776 /* Project object */;
}
